
Microsoft Visual Studio Solution File, Format Version 12.00
# Visual Studio Version 17
VisualStudioVersion = 17.3.32825.248
MinimumVisualStudioVersion = 10.0.40219.1
Project("{9A19103F-16F7-4668-BE54-9A1E7A4F7556}") = "SelfProjectAPI", "SelfProjectAPI.csproj", "{F901A029-A911-49E2-A3A5-2C3ACB2D375D}"
EndProject
Project("{9A19103F-16F7-4668-BE54-9A1E7A4F7556}") = "PresentationLayer", "..\ConsoleApp1\PresentationLayer.csproj", "{089F10BF-2388-4A97-A8DC-657EBF48B65C}"
EndProject
Project("{9A19103F-16F7-4668-BE54-9A1E7A4F7556}") = "SelfProjectDataAccess", "..\SelfProjectDataAccess\SelfProjectDataAccess.csproj", "{B2035AD2-5C2E-4665-BC7F-A6F73583C22A}"
EndProject
Global
	GlobalSection(SolutionConfigurationPlatforms) = preSolution
		Debug|Any CPU = Debug|Any CPU
		Release|Any CPU = Release|Any CPU
	EndGlobalSection
	GlobalSection(ProjectConfigurationPlatforms) = postSolution
		{F901A029-A911-49E2-A3A5-2C3ACB2D375D}.Debug|Any CPU.ActiveCfg = Debug|Any CPU
		{F901A029-A911-49E2-A3A5-2C3ACB2D375D}.Debug|Any CPU.Build.0 = Debug|Any CPU
		{F901A029-A911-49E2-A3A5-2C3ACB2D375D}.Release|Any CPU.ActiveCfg = Release|Any CPU
		{F901A029-A911-49E2-A3A5-2C3ACB2D375D}.Release|Any CPU.Build.0 = Release|Any CPU
		{089F10BF-2388-4A97-A8DC-657EBF48B65C}.Debug|Any CPU.ActiveCfg = Debug|Any CPU
		{089F10BF-2388-4A97-A8DC-657EBF48B65C}.Debug|Any CPU.Build.0 = Debug|Any CPU
		{089F10BF-2388-4A97-A8DC-657EBF48B65C}.Release|Any CPU.ActiveCfg = Release|Any CPU
		{089F10BF-2388-4A97-A8DC-657EBF48B65C}.Release|Any CPU.Build.0 = Release|Any CPU
		{B2035AD2-5C2E-4665-BC7F-A6F73583C22A}.Debug|Any CPU.ActiveCfg = Debug|Any CPU
		{B2035AD2-5C2E-4665-BC7F-A6F73583C22A}.Debug|Any CPU.Build.0 = Debug|Any CPU
		{B2035AD2-5C2E-4665-BC7F-A6F73583C22A}.Release|Any CPU.ActiveCfg = Release|Any CPU
		{B2035AD2-5C2E-4665-BC7F-A6F73583C22A}.Release|Any CPU.Build.0 = Release|Any CPU
	EndGlobalSection
	GlobalSection(SolutionProperties) = preSolution
		HideSolutionNode = FALSE
	EndGlobalSection
	GlobalSection(ExtensibilityGlobals) = postSolution
		SolutionGuid = {D235F706-8A14-4A17-9DFD-B287E106F8A5}
	EndGlobalSection
EndGlobal
